
Microsoft Visual Studio Solution File, Format Version 12.00
# Visual Studio Version 17
VisualStudioVersion = 17.2.32616.157
MinimumVisualStudioVersion = 10.0.40219.1
Project("{FAE04EC0-301F-11D3-BF4B-00C04F79EFBC}") = "CodeFirst_ConsoleApp1", "CodeFirst_ConsoleApp1\CodeFirst_ConsoleApp1.csproj", "{2B86E228-F008-43F6-9E36-0FAC2C718947}"
EndProject
Global
	GlobalSection(SolutionConfigurationPlatforms) = preSolution
		Debug|Any CPU = Debug|Any CPU
		Release|Any CPU = Release|Any CPU
	EndGlobalSection
	GlobalSection(ProjectConfigurationPlatforms) = postSolution
		{2B86E228-F008-43F6-9E36-0FAC2C718947}.Debug|Any CPU.ActiveCfg = Debug|Any CPU
		{2B86E228-F008-43F6-9E36-0FAC2C718947}.Debug|Any CPU.Build.0 = Debug|Any CPU
		{2B86E228-F008-43F6-9E36-0FAC2C718947}.Release|Any CPU.ActiveCfg = Release|Any CPU
		{2B86E228-F008-43F6-9E36-0FAC2C718947}.Release|Any CPU.Build.0 = Release|Any CPU
	EndGlobalSection
	GlobalSection(SolutionProperties) = preSolution
		HideSolutionNode = FALSE
	EndGlobalSection
	GlobalSection(ExtensibilityGlobals) = postSolution
		SolutionGuid = {35C203B0-4D42-455F-982F-3210242A4CEA}
	EndGlobalSection
EndGlobal
